
Microsoft Visual Studio Solution File, Format Version 12.00
# Visual Studio Version 17
VisualStudioVersion = 17.14.36121.58 d17.14
MinimumVisualStudioVersion = 10.0.40219.1
Project("{FAE04EC0-301F-11D3-BF4B-00C04F79EFBC}") = "AzFuncFileUpload", "AzFuncFileUpload\AzFuncFileUpload.csproj", "{6187C070-F7E0-941A-E910-8DBBB2267C12}"
EndProject
Project("{FAE04EC0-301F-11D3-BF4B-00C04F79EFBC}") = "AzFileUploadSASToken.AppHost", "AzFileUploadSASToken.AppHost\AzFileUploadSASToken.AppHost.csproj", "{45FBB258-2777-4813-B4D5-940AE095080B}"
EndProject
Project("{FAE04EC0-301F-11D3-BF4B-00C04F79EFBC}") = "AzFileUploadSASToken.ServiceDefaults", "AzFileUploadSASToken.ServiceDefaults\AzFileUploadSASToken.ServiceDefaults.csproj", "{68360A13-1EFE-E4B2-A0CC-9D5427CCA228}"
EndProject
Project("{FAE04EC0-301F-11D3-BF4B-00C04F79EFBC}") = "FileUploaderConsole", "FileUploaderConsole\FileUploaderConsole.csproj", "{9DC16041-ED98-40F7-9F32-9BA62E128A1B}"
EndProject
Global
	GlobalSection(SolutionConfigurationPlatforms) = preSolution
		Debug|Any CPU = Debug|Any CPU
		Release|Any CPU = Release|Any CPU
	EndGlobalSection
	GlobalSection(ProjectConfigurationPlatforms) = postSolution
		{6187C070-F7E0-941A-E910-8DBBB2267C12}.Debug|Any CPU.ActiveCfg = Debug|Any CPU
		{6187C070-F7E0-941A-E910-8DBBB2267C12}.Debug|Any CPU.Build.0 = Debug|Any CPU
		{6187C070-F7E0-941A-E910-8DBBB2267C12}.Release|Any CPU.ActiveCfg = Release|Any CPU
		{6187C070-F7E0-941A-E910-8DBBB2267C12}.Release|Any CPU.Build.0 = Release|Any CPU
		{45FBB258-2777-4813-B4D5-940AE095080B}.Debug|Any CPU.ActiveCfg = Debug|Any CPU
		{45FBB258-2777-4813-B4D5-940AE095080B}.Debug|Any CPU.Build.0 = Debug|Any CPU
		{45FBB258-2777-4813-B4D5-940AE095080B}.Release|Any CPU.ActiveCfg = Release|Any CPU
		{45FBB258-2777-4813-B4D5-940AE095080B}.Release|Any CPU.Build.0 = Release|Any CPU
		{68360A13-1EFE-E4B2-A0CC-9D5427CCA228}.Debug|Any CPU.ActiveCfg = Debug|Any CPU
		{68360A13-1EFE-E4B2-A0CC-9D5427CCA228}.Debug|Any CPU.Build.0 = Debug|Any CPU
		{68360A13-1EFE-E4B2-A0CC-9D5427CCA228}.Release|Any CPU.ActiveCfg = Release|Any CPU
		{68360A13-1EFE-E4B2-A0CC-9D5427CCA228}.Release|Any CPU.Build.0 = Release|Any CPU
		{9DC16041-ED98-40F7-9F32-9BA62E128A1B}.Debug|Any CPU.ActiveCfg = Debug|Any CPU
		{9DC16041-ED98-40F7-9F32-9BA62E128A1B}.Debug|Any CPU.Build.0 = Debug|Any CPU
		{9DC16041-ED98-40F7-9F32-9BA62E128A1B}.Release|Any CPU.ActiveCfg = Release|Any CPU
		{9DC16041-ED98-40F7-9F32-9BA62E128A1B}.Release|Any CPU.Build.0 = Release|Any CPU
	EndGlobalSection
	GlobalSection(SolutionProperties) = preSolution
		HideSolutionNode = FALSE
	EndGlobalSection
	GlobalSection(ExtensibilityGlobals) = postSolution
		SolutionGuid = {72EBAD9C-E9F4-420F-AD99-3394B4C86D18}
	EndGlobalSection
EndGlobal
